PODS:
  - Bolts (1.9.0):
    - Bolts/AppLinks (= 1.9.0)
    - Bolts/Tasks (= 1.9.0)
  - Bolts/AppLinks (1.9.0):
    - Bolts/Tasks
  - Bolts/Tasks (1.9.0)
  - FBSDKCoreKit (4.39.1):
    - Bolts (~> 1.9)
  - FBSDKLoginKit (4.39.1):
    - FBSDKCoreKit
  - Flutter (1.0.0)
  - flutter_facebook_login (0.0.1):
    - FBSDKLoginKit (= 4.39.1)
    - Flutter
  - fluttery_audio (0.0.1):
    - Flutter
  - shared_preferences (0.0.1):
    - Flutter

DEPENDENCIES:
  - FBSDKCoreKit (= 4.39.1)
  - FBSDKLoginKit (= 4.39.1)
  - Flutter (from `.symlinks/flutter/ios-release`)
  - flutter_facebook_login (from `.symlinks/plugins/flutter_facebook_login/ios`)
  - fluttery_audio (from `.symlinks/plugins/fluttery_audio/ios`)
  - shared_preferences (from `.symlinks/plugins/shared_preferences/ios`)

SPEC REPOS:
  https://github.com/cocoapods/specs.git:
    - Bolts
    - FBSDKCoreKit
    - FBSDKLoginKit

EXTERNAL SOURCES:
  Flutter:
    :path: ".symlinks/flutter/ios-release"
  flutter_facebook_login:
    :path: ".symlinks/plugins/flutter_facebook_login/ios"
  fluttery_audio:
    :path: ".symlinks/plugins/fluttery_audio/ios"
  shared_preferences:
    :path: ".symlinks/plugins/shared_preferences/ios"

SPEC CHECKSUMS:
  Bolts: ac6567323eac61e203f6a9763667d0f711be34c8
  FBSDKCoreKit: f442aa96179cc9b382bb4abeb7e340a47cca8f91
  FBSDKLoginKit: c3079d9a4db27c492287b1eed7a4272b28cf8a59
  Flutter: 58dd7d1b27887414a370fcccb9e645c08ffd7a6a
  flutter_facebook_login: f1f88c32d5888d6b5f3301fd87cc7de26f02877e
  fluttery_audio: 17c2bd11162094493476e32432b58eef7a0da641
  shared_preferences: 1feebfa37bb57264736e16865e7ffae7fc99b523

PODFILE CHECKSUM: 5f45b48173c26b0efe13f4d7c21f8367a6f120b3

COCOAPODS: 1.7.2
